
Microsoft Visual Studio Solution File, Format Version 11.00
# Visual Studio 2010
# SharpDevelop 4.1.0.7794-beta
Project("{FAE04EC0-301F-11D3-BF4B-00C04F79EFBC}") = "serialcomm", "serialcomm\serialcomm.csproj", "{7B9A3707-087E-422E-AFBD-20E8B1CB9151}"
EndProject
Global
	GlobalSection(SolutionConfigurationPlatforms) = preSolution
		Debug|x86 = Debug|x86
		Release|x86 = Release|x86
	EndGlobalSection
	GlobalSection(ProjectConfigurationPlatforms) = postSolution
		{7B9A3707-087E-422E-AFBD-20E8B1CB9151}.Debug|x86.Build.0 = Debug|x86
		{7B9A3707-087E-422E-AFBD-20E8B1CB9151}.Debug|x86.ActiveCfg = Debug|x86
		{7B9A3707-087E-422E-AFBD-20E8B1CB9151}.Release|x86.Build.0 = Release|x86
		{7B9A3707-087E-422E-AFBD-20E8B1CB9151}.Release|x86.ActiveCfg = Release|x86
	EndGlobalSection
EndGlobal
